
Microsoft Visual Studio Solution File, Format Version 12.00
# Visual Studio Version 17
VisualStudioVersion = 17.14.36511.14 d17.14
MinimumVisualStudioVersion = 10.0.40219.1
Project("{FAE04EC0-301F-11D3-BF4B-00C04F79EFBC}") = "InstagramAuto", "InstagramAuto\InstagramAuto.csproj", "{FAE53A9C-55B5-4519-BC7C-B784F79F336E}"
EndProject
Project("{888888A0-9F3D-457C-B088-3A5042F75D52}") = "Backend", "Backend\Backend.pyproj", "{EC0E9226-B0C0-4615-B51F-18D2DBFC63D0}"
EndProject
Global
	GlobalSection(SolutionConfigurationPlatforms) = preSolution
		Debug|Any CPU = Debug|Any CPU
		Release|Any CPU = Release|Any CPU
	EndGlobalSection
	GlobalSection(ProjectConfigurationPlatforms) = postSolution
		{FAE53A9C-55B5-4519-BC7C-B784F79F336E}.Debug|Any CPU.ActiveCfg = Debug|Any CPU
		{FAE53A9C-55B5-4519-BC7C-B784F79F336E}.Debug|Any CPU.Build.0 = Debug|Any CPU
		{FAE53A9C-55B5-4519-BC7C-B784F79F336E}.Debug|Any CPU.Deploy.0 = Debug|Any CPU
		{FAE53A9C-55B5-4519-BC7C-B784F79F336E}.Release|Any CPU.ActiveCfg = Release|Any CPU
		{FAE53A9C-55B5-4519-BC7C-B784F79F336E}.Release|Any CPU.Build.0 = Release|Any CPU
		{EC0E9226-B0C0-4615-B51F-18D2DBFC63D0}.Debug|Any CPU.ActiveCfg = Debug|Any CPU
		{EC0E9226-B0C0-4615-B51F-18D2DBFC63D0}.Release|Any CPU.ActiveCfg = Release|Any CPU
	EndGlobalSection
	GlobalSection(SolutionProperties) = preSolution
		HideSolutionNode = FALSE
	EndGlobalSection
	GlobalSection(ExtensibilityGlobals) = postSolution
		SolutionGuid = {8DBD3A4F-D661-4433-AB6F-63D7DAB7C3DE}
	EndGlobalSection
EndGlobal
